PODS:
  - Flutter (1.0.0)
  - Mute (0.6.1)
  - sound_mode (0.0.1):
    - Flutter
    - Mute (~> 0.6.0)

DEPENDENCIES:
  - Flutter (from `Flutter`)
  - sound_mode (from `.symlinks/plugins/sound_mode/ios`)

SPEC REPOS:
  trunk:
    - Mute

EXTERNAL SOURCES:
  Flutter:
    :path: Flutter
  sound_mode:
    :path: ".symlinks/plugins/sound_mode/ios"

SPEC CHECKSUMS:
  Flutter: e0871f40cf51350855a761d2e70bf5af5b9b5de7
  Mute: 20135a96076f140cc82bfc8b810e2d6150d8ec7e
  sound_mode: ef0072f20e7306c1c371984a443156e39be092d5

PODFILE CHECKSUM: 819463e6a0290f5a72f145ba7cde16e8b6ef0796

COCOAPODS: 1.15.2
